
Microsoft Visual Studio Solution File, Format Version 12.00
# Visual Studio Version 17
VisualStudioVersion = 17.14.36203.30
MinimumVisualStudioVersion = 10.0.40219.1
Project("{FAE04EC0-301F-11D3-BF4B-00C04F79EFBC}") = "EmployeeManagement.Api", "EmployeeManagement.Api.csproj", "{5D199F70-D8BF-4F61-8A3B-F47F11FD9D58}"
EndProject
Project("{FAE04EC0-301F-11D3-BF4B-00C04F79EFBC}") = "EmployeeManagement.Application", "..\EmployeeManagement.Application\EmployeeManagement.Application.csproj", "{DA287AFD-4CEC-420F-8497-08DCE5920606}"
EndProject
Project("{FAE04EC0-301F-11D3-BF4B-00C04F79EFBC}") = "EmployeeManagement.Domain", "..\EmployeeManagement.Domain\EmployeeManagement.Domain.csproj", "{A372DA0D-E7A1-440C-8C5F-3B3B38994ADF}"
EndProject
Project("{FAE04EC0-301F-11D3-BF4B-00C04F79EFBC}") = "EmployeeManagement.Infrastructure", "..\EmployeeManagement.Infrastructure\EmployeeManagement.Infrastructure.csproj", "{EB2D3C68-D332-4FDB-9B16-098D65AFBE8E}"
EndProject
Project("{FAE04EC0-301F-11D3-BF4B-00C04F79EFBC}") = "EmployeeManagement.Tests", "..\EmployeeManagement.Tests\EmployeeManagement.Tests.csproj", "{8101322B-E67F-478C-930D-E12D25F5F7B2}"
EndProject
Global
	GlobalSection(SolutionConfigurationPlatforms) = preSolution
		Debug|Any CPU = Debug|Any CPU
		Release|Any CPU = Release|Any CPU
	EndGlobalSection
	GlobalSection(ProjectConfigurationPlatforms) = postSolution
		{5D199F70-D8BF-4F61-8A3B-F47F11FD9D58}.Debug|Any CPU.ActiveCfg = Debug|Any CPU
		{5D199F70-D8BF-4F61-8A3B-F47F11FD9D58}.Debug|Any CPU.Build.0 = Debug|Any CPU
		{5D199F70-D8BF-4F61-8A3B-F47F11FD9D58}.Release|Any CPU.ActiveCfg = Release|Any CPU
		{5D199F70-D8BF-4F61-8A3B-F47F11FD9D58}.Release|Any CPU.Build.0 = Release|Any CPU
		{DA287AFD-4CEC-420F-8497-08DCE5920606}.Debug|Any CPU.ActiveCfg = Debug|Any CPU
		{DA287AFD-4CEC-420F-8497-08DCE5920606}.Debug|Any CPU.Build.0 = Debug|Any CPU
		{DA287AFD-4CEC-420F-8497-08DCE5920606}.Release|Any CPU.ActiveCfg = Release|Any CPU
		{DA287AFD-4CEC-420F-8497-08DCE5920606}.Release|Any CPU.Build.0 = Release|Any CPU
		{A372DA0D-E7A1-440C-8C5F-3B3B38994ADF}.Debug|Any CPU.ActiveCfg = Debug|Any CPU
		{A372DA0D-E7A1-440C-8C5F-3B3B38994ADF}.Debug|Any CPU.Build.0 = Debug|Any CPU
		{A372DA0D-E7A1-440C-8C5F-3B3B38994ADF}.Release|Any CPU.ActiveCfg = Release|Any CPU
		{A372DA0D-E7A1-440C-8C5F-3B3B38994ADF}.Release|Any CPU.Build.0 = Release|Any CPU
		{EB2D3C68-D332-4FDB-9B16-098D65AFBE8E}.Debug|Any CPU.ActiveCfg = Debug|Any CPU
		{EB2D3C68-D332-4FDB-9B16-098D65AFBE8E}.Debug|Any CPU.Build.0 = Debug|Any CPU
		{EB2D3C68-D332-4FDB-9B16-098D65AFBE8E}.Release|Any CPU.ActiveCfg = Release|Any CPU
		{EB2D3C68-D332-4FDB-9B16-098D65AFBE8E}.Release|Any CPU.Build.0 = Release|Any CPU
		{8101322B-E67F-478C-930D-E12D25F5F7B2}.Debug|Any CPU.ActiveCfg = Debug|Any CPU
		{8101322B-E67F-478C-930D-E12D25F5F7B2}.Debug|Any CPU.Build.0 = Debug|Any CPU
		{8101322B-E67F-478C-930D-E12D25F5F7B2}.Release|Any CPU.ActiveCfg = Release|Any CPU
		{8101322B-E67F-478C-930D-E12D25F5F7B2}.Release|Any CPU.Build.0 = Release|Any CPU
	EndGlobalSection
	GlobalSection(SolutionProperties) = preSolution
		HideSolutionNode = FALSE
	EndGlobalSection
	GlobalSection(ExtensibilityGlobals) = postSolution
		SolutionGuid = {8B85D3EC-5ECF-4E29-AA76-45E363A7FCDD}
	EndGlobalSection
EndGlobal
